
Microsoft Visual Studio Solution File, Format Version 12.00
# Visual Studio Version 17
VisualStudioVersion = 17.14.36202.13 d17.14
MinimumVisualStudioVersion = 10.0.40219.1
Project("{FAE04EC0-301F-11D3-BF4B-00C04F79EFBC}") = "Library Management Portal", "Library Management Portal\Library Management Portal.csproj", "{3DAECABD-BEB1-4E2C-A880-C4A8BEF65E44}"
EndProject
Global
	GlobalSection(SolutionConfigurationPlatforms) = preSolution
		Debug|Any CPU = Debug|Any CPU
		Release|Any CPU = Release|Any CPU
	EndGlobalSection
	GlobalSection(ProjectConfigurationPlatforms) = postSolution
		{3DAECABD-BEB1-4E2C-A880-C4A8BEF65E44}.Debug|Any CPU.ActiveCfg = Debug|Any CPU
		{3DAECABD-BEB1-4E2C-A880-C4A8BEF65E44}.Debug|Any CPU.Build.0 = Debug|Any CPU
		{3DAECABD-BEB1-4E2C-A880-C4A8BEF65E44}.Release|Any CPU.ActiveCfg = Release|Any CPU
		{3DAECABD-BEB1-4E2C-A880-C4A8BEF65E44}.Release|Any CPU.Build.0 = Release|Any CPU
	EndGlobalSection
	GlobalSection(SolutionProperties) = preSolution
		HideSolutionNode = FALSE
	EndGlobalSection
	GlobalSection(ExtensibilityGlobals) = postSolution
		SolutionGuid = {7FAADD8B-880D-498B-9E36-55015F51F91D}
	EndGlobalSection
EndGlobal
